
Microsoft Visual Studio Solution File, Format Version 12.00
# Visual Studio Version 16
VisualStudioVersion = 16.0.28407.52
MinimumVisualStudioVersion = 10.0.40219.1
Project("{FAE04EC0-301F-11D3-BF4B-00C04F79EFBC}") = "Simpper.NetFramework", "Simpper.NetFramework\Simpper.NetFramework.csproj", "{5E29EE8F-2674-4512-9690-7592FCB9FB97}"
EndProject
Project("{FAE04EC0-301F-11D3-BF4B-00C04F79EFBC}") = "Simpper.NetFramework.Test", "Simpper.NetFramework.Test\Simpper.NetFramework.Test.csproj", "{BF9FA355-946C-438C-9DC7-DB639A403D91}"
EndProject
Project("{2150E333-8FDC-42A3-9474-1A3956D46DE8}") = "SolutionItems", "SolutionItems", "{113B63D6-D67D-47D6-9B83-90CB4535700D}"
	ProjectSection(SolutionItems) = preProject
		.travlis.yml = .travlis.yml
		README.md = README.md
	EndProjectSection
EndProject
Global
	GlobalSection(SolutionConfigurationPlatforms) = preSolution
		Debug|Any CPU = Debug|Any CPU
		Release|Any CPU = Release|Any CPU
	EndGlobalSection
	GlobalSection(ProjectConfigurationPlatforms) = postSolution
		{5E29EE8F-2674-4512-9690-7592FCB9FB97}.Debug|Any CPU.ActiveCfg = Debug|Any CPU
		{5E29EE8F-2674-4512-9690-7592FCB9FB97}.Debug|Any CPU.Build.0 = Debug|Any CPU
		{5E29EE8F-2674-4512-9690-7592FCB9FB97}.Release|Any CPU.ActiveCfg = Release|Any CPU
		{5E29EE8F-2674-4512-9690-7592FCB9FB97}.Release|Any CPU.Build.0 = Release|Any CPU
		{BF9FA355-946C-438C-9DC7-DB639A403D91}.Debug|Any CPU.ActiveCfg = Debug|Any CPU
		{BF9FA355-946C-438C-9DC7-DB639A403D91}.Debug|Any CPU.Build.0 = Debug|Any CPU
		{BF9FA355-946C-438C-9DC7-DB639A403D91}.Release|Any CPU.ActiveCfg = Release|Any CPU
		{BF9FA355-946C-438C-9DC7-DB639A403D91}.Release|Any CPU.Build.0 = Release|Any CPU
	EndGlobalSection
	GlobalSection(SolutionProperties) = preSolution
		HideSolutionNode = FALSE
	EndGlobalSection
	GlobalSection(ExtensibilityGlobals) = postSolution
		SolutionGuid = {EC906E74-B7B0-4BAA-B58B-750537DB968B}
	EndGlobalSection
EndGlobal
